
Microsoft Visual Studio Solution File, Format Version 12.00
# Visual Studio Version 17
VisualStudioVersion = 17.5.33502.453
MinimumVisualStudioVersion = 10.0.40219.1
Project("{9A19103F-16F7-4668-BE54-9A1E7A4F7556}") = "DatingApi", "DatingApi\DatingApi.csproj", "{0C6ABB4F-DE74-4F91-A794-E0F64A375ADF}"
EndProject
Project("{FAE04EC0-301F-11D3-BF4B-00C04F79EFBC}") = "ProductDAL", "ProductDAL\ProductDAL.csproj", "{C8D0FC79-E9AE-4FC4-9A84-EDB921F5D7B2}"
EndProject
Global
	GlobalSection(SolutionConfigurationPlatforms) = preSolution
		Debug|Any CPU = Debug|Any CPU
		Release|Any CPU = Release|Any CPU
	EndGlobalSection
	GlobalSection(ProjectConfigurationPlatforms) = postSolution
		{0C6ABB4F-DE74-4F91-A794-E0F64A375ADF}.Debug|Any CPU.ActiveCfg = Debug|Any CPU
		{0C6ABB4F-DE74-4F91-A794-E0F64A375ADF}.Debug|Any CPU.Build.0 = Debug|Any CPU
		{0C6ABB4F-DE74-4F91-A794-E0F64A375ADF}.Release|Any CPU.ActiveCfg = Release|Any CPU
		{0C6ABB4F-DE74-4F91-A794-E0F64A375ADF}.Release|Any CPU.Build.0 = Release|Any CPU
		{C8D0FC79-E9AE-4FC4-9A84-EDB921F5D7B2}.Debug|Any CPU.ActiveCfg = Debug|Any CPU
		{C8D0FC79-E9AE-4FC4-9A84-EDB921F5D7B2}.Debug|Any CPU.Build.0 = Debug|Any CPU
		{C8D0FC79-E9AE-4FC4-9A84-EDB921F5D7B2}.Release|Any CPU.ActiveCfg = Release|Any CPU
		{C8D0FC79-E9AE-4FC4-9A84-EDB921F5D7B2}.Release|Any CPU.Build.0 = Release|Any CPU
	EndGlobalSection
	GlobalSection(SolutionProperties) = preSolution
		HideSolutionNode = FALSE
	EndGlobalSection
	GlobalSection(ExtensibilityGlobals) = postSolution
		SolutionGuid = {436016AF-D08B-456D-8DE1-61CC353F885B}
	EndGlobalSection
EndGlobal
